// !$*UTF8*$!
{
	archiveVersion = 1;
	classes = {
	};
	objectVersion = 77;
	objects = {

/* Begin PBXBuildFile section */
		CAF388B42FA110CF00162458 /* WidgetKit.framework in Frameworks */ = {isa = PBXBuildFile; fileRef = CAF388B32FA110CF00162458 /* WidgetKit.framework */; };
		CAF388B62FA110CF00162458 /* SwiftUI.framework in Frameworks */ = {isa = PBXBuildFile; fileRef = CAF388B52FA110CF00162458 /* SwiftUI.framework */; };
		CAF388C72FA110D000162458 /* CookedWidgetExtension.appex in Embed Foundation Extensions */ = {isa = PBXBuildFile; fileRef = CAF388B12FA110CF00162458 /* CookedWidgetExtension.appex */; settings = {ATTRIBUTES = (RemoveHeadersOnCopy, ); }; };
/* End PBXBuildFile section */

/* Begin PBXContainerItemProxy section */
		CA045E312F9E5C1E00E11729 /* PBXContainerItemProxy */ = {
			isa = PBXContainerItemProxy;
			containerPortal = CA045E192F9E5C1D00E11729 /* Project object */;
			proxyType = 1;
			remoteGlobalIDString = CA045E202F9E5C1D00E11729;
			remoteInfo = Cooked;
		};
		CA045E3B2F9E5C1E00E11729 /* PBXContainerItemProxy */ = {
			isa = PBXContainerItemProxy;
			containerPortal = CA045E192F9E5C1D00E11729 /* Project object */;
			proxyType = 1;
			remoteGlobalIDString = CA045E202F9E5C1D00E11729;
			remoteInfo = Cooked;
		};
		CAF388C52FA110D000162458 /* PBXContainerItemProxy */ = {
			isa = PBXContainerItemProxy;
			containerPortal = CA045E192F9E5C1D00E11729 /* Project object */;
			proxyType = 1;
			remoteGlobalIDString = CAF388B02FA110CF00162458;
			remoteInfo = CookedWidgetExtension;
		};
/* End PBXContainerItemProxy section */

/* Begin PBXCopyFilesBuildPhase section */
		CA23994A2FA0ED3D004552E9 /* Embed Foundation Extensions */ = {
			isa = PBXCopyFilesBuildPhase;
			buildActionMask = 2147483647;
			dstPath = "";
			dstSubfolderSpec = 13;
			files = (
				CAF388C72FA110D000162458 /* CookedWidgetExtension.appex in Embed Foundation Extensions */,
			);
			name = "Embed Foundation Extensions";
			runOnlyForDeploymentPostprocessing = 0;
		};
/* End PBXCopyFilesBuildPhase section */

/* Begin PBXFileReference section */
		CA045E212F9E5C1D00E11729 /* Cooked.app */ = {isa = PBXFileReference; explicitFileType = wrapper.application; includeInIndex = 0; path = Cooked.app; sourceTree = BUILT_PRODUCTS_DIR; };
		CA045E302F9E5C1E00E11729 /* CookedTests.xctest */ = {isa = PBXFileReference; explicitFileType = wrapper.cfbundle; includeInIndex = 0; path = CookedTests.xctest; sourceTree = BUILT_PRODUCTS_DIR; };
		CA045E3A2F9E5C1E00E11729 /* CookedUITests.xctest */ = {isa = PBXFileReference; explicitFileType = wrapper.cfbundle; includeInIndex = 0; path = CookedUITests.xctest; sourceTree = BUILT_PRODUCTS_DIR; };
		CAF388B12FA110CF00162458 /* CookedWidgetExtension.appex */ = {isa = PBXFileReference; explicitFileType = "wrapper.app-extension"; includeInIndex = 0; path = CookedWidgetExtension.appex; sourceTree = BUILT_PRODUCTS_DIR; };
		CAF388B32FA110CF00162458 /* WidgetKit.framework */ = {isa = PBXFileReference; lastKnownFileType = wrapper.framework; name = WidgetKit.framework; path = System/Library/Frameworks/WidgetKit.framework; sourceTree = SDKROOT; };
		CAF388B52FA110CF00162458 /* SwiftUI.framework */ = {isa = PBXFileReference; lastKnownFileType = wrapper.framework; name = SwiftUI.framework; path = System/Library/Frameworks/SwiftUI.framework; sourceTree = SDKROOT; };
/* End PBXFileReference section */

/* Begin PBXFileSystemSynchronizedBuildFileExceptionSet section */
		CAF388C82FA110D000162458 /* Exceptions for "CookedWidget" folder in "CookedWidgetExtension" target */ = {
			isa = PBXFileSystemSynchronizedBuildFileExceptionSet;
			membershipExceptions = (
				Info.plist,
			);
			target = CAF388B02FA110CF00162458 /* CookedWidgetExtension */;
		};
		CAF388CD2FA1116800162458 /* Exceptions for "Cooked" folder in "CookedWidgetExtension" target */ = {
			isa = PBXFileSystemSynchronizedBuildFileExceptionSet;
			membershipExceptions = (
				Timer/TimerActivityAttributes.swift,
			);
			target = CAF388B02FA110CF00162458 /* CookedWidgetExtension */;
		};
/* End PBXFileSystemSynchronizedBuildFileExceptionSet section */

/* Begin PBXFileSystemSynchronizedRootGroup section */
		CA045E232F9E5C1D00E11729 /* Cooked */ = {
			isa = PBXFileSystemSynchronizedRootGroup;
			exceptions = (
				CAF388CD2FA1116800162458 /* Exceptions for "Cooked" folder in "CookedWidgetExtension" target */,
			);
			path = Cooked;
			sourceTree = "<group>";
		};
		CA045E332F9E5C1E00E11729 /* CookedTests */ = {
			isa = PBXFileSystemSynchronizedRootGroup;
			path = CookedTests;
			sourceTree = "<group>";
		};
		CA045E3D2F9E5C1E00E11729 /* CookedUITests */ = {
			isa = PBXFileSystemSynchronizedRootGroup;
			path = CookedUITests;
			sourceTree = "<group>";
		};
		CAF388B72FA110CF00162458 /* CookedWidget */ = {
			isa = PBXFileSystemSynchronizedRootGroup;
			exceptions = (
				CAF388C82FA110D000162458 /* Exceptions for "CookedWidget" folder in "CookedWidgetExtension" target */,
			);
			path = CookedWidget;
			sourceTree = "<group>";
		};
/* End PBXFileSystemSynchronizedRootGroup section */

/* Begin PBXFrameworksBuildPhase section */
		CA045E1E2F9E5C1D00E11729 /* Frameworks */ = {
			isa = PBXFrameworksBuildPhase;
			buildActionMask = 2147483647;
			files = (
			);
			runOnlyForDeploymentPostprocessing = 0;
		};
		CA045E2D2F9E5C1E00E11729 /* Frameworks */ = {
			isa = PBXFrameworksBuildPhase;
			buildActionMask = 2147483647;
			files = (
			);
			runOnlyForDeploymentPostprocessing = 0;
		};
		CA045E372F9E5C1E00E11729 /* Frameworks */ = {
			isa = PBXFrameworksBuildPhase;
			buildActionMask = 2147483647;
			files = (
			);
			runOnlyForDeploymentPostprocessing = 0;
		};
		CAF388AE2FA110CF00162458 /* Frameworks */ = {
			isa = PBXFrameworksBuildPhase;
			buildActionMask = 2147483647;
			files = (
				CAF388B62FA110CF00162458 /* SwiftUI.framework in Frameworks */,
				CAF388B42FA110CF00162458 /* WidgetKit.framework in Frameworks */,
			);
			runOnlyForDeploymentPostprocessing = 0;
		};
/* End PBXFrameworksBuildPhase section */

/* Begin PBXGroup section */
		CA045E182F9E5C1D00E11729 = {
			isa = PBXGroup;
			children = (
				CA045E232F9E5C1D00E11729 /* Cooked */,
				CA045E332F9E5C1E00E11729 /* CookedTests */,
				CA045E3D2F9E5C1E00E11729 /* CookedUITests */,
				CAF388B72FA110CF00162458 /* CookedWidget */,
				CAF388B22FA110CF00162458 /* Frameworks */,
				CA045E222F9E5C1D00E11729 /* Products */,
			);
			sourceTree = "<group>";
		};
		CA045E222F9E5C1D00E11729 /* Products */ = {
			isa = PBXGroup;
			children = (
				CA045E212F9E5C1D00E11729 /* Cooked.app */,
				CA045E302F9E5C1E00E11729 /* CookedTests.xctest */,
				CA045E3A2F9E5C1E00E11729 /* CookedUITests.xctest */,
				CAF388B12FA110CF00162458 /* CookedWidgetExtension.appex */,
			);
			name = Products;
			sourceTree = "<group>";
		};
		CAF388B22FA110CF00162458 /* Frameworks */ = {
			isa = PBXGroup;
			children = (
				CAF388B32FA110CF00162458 /* WidgetKit.framework */,
				CAF388B52FA110CF00162458 /* SwiftUI.framework */,
			);
			name = Frameworks;
			sourceTree = "<group>";
		};
/* End PBXGroup section */

/* Begin PBXNativeTarget section */
		CA045E202F9E5C1D00E11729 /* Cooked */ = {
			isa = PBXNativeTarget;
			buildConfigurationList = CA045E442F9E5C1E00E11729 /* Build configuration list for PBXNativeTarget "Cooked" */;
			buildPhases = (
				CA045E1D2F9E5C1D00E11729 /* Sources */,
				CA045E1E2F9E5C1D00E11729 /* Frameworks */,
				CA045E1F2F9E5C1D00E11729 /* Resources */,
				CA23994A2FA0ED3D004552E9 /* Embed Foundation Extensions */,
			);
			buildRules = (
			);
			dependencies = (
				CAF388C62FA110D000162458 /* PBXTargetDependency */,
			);
			fileSystemSynchronizedGroups = (
				CA045E232F9E5C1D00E11729 /* Cooked */,
			);
			name = Cooked;
			packageProductDependencies = (
			);
			productName = Cooked;
			productReference = CA045E212F9E5C1D00E11729 /* Cooked.app */;
			productType = "com.apple.product-type.application";
		};
		CA045E2F2F9E5C1E00E11729 /* CookedTests */ = {
			isa = PBXNativeTarget;
			buildConfigurationList = CA045E472F9E5C1E00E11729 /* Build configuration list for PBXNativeTarget "CookedTests" */;
			buildPhases = (
				CA045E2C2F9E5C1E00E11729 /* Sources */,
				CA045E2D2F9E5C1E00E11729 /* Frameworks */,
				CA045E2E2F9E5C1E00E11729 /* Resources */,
			);
			buildRules = (
			);
			dependencies = (
				CA045E322F9E5C1E00E11729 /* PBXTargetDependency */,
			);
			fileSystemSynchronizedGroups = (
				CA045E332F9E5C1E00E11729 /* CookedTests */,
			);
			name = CookedTests;
			packageProductDependencies = (
			);
			productName = CookedTests;
			productReference = CA045E302F9E5C1E00E11729 /* CookedTests.xctest */;
			productType = "com.apple.product-type.bundle.unit-test";
		};
		CA045E392F9E5C1E00E11729 /* CookedUITests */ = {
			isa = PBXNativeTarget;
			buildConfigurationList = CA045E4A2F9E5C1E00E11729 /* Build configuration list for PBXNativeTarget "CookedUITests" */;
			buildPhases = (
				CA045E362F9E5C1E00E11729 /* Sources */,
				CA045E372F9E5C1E00E11729 /* Frameworks */,
				CA045E382F9E5C1E00E11729 /* Resources */,
			);
			buildRules = (
			);
			dependencies = (
				CA045E3C2F9E5C1E00E11729 /* PBXTargetDependency */,
			);
			fileSystemSynchronizedGroups = (
				CA045E3D2F9E5C1E00E11729 /* CookedUITests */,
			);
			name = CookedUITests;
			packageProductDependencies = (
			);
			productName = CookedUITests;
			productReference = CA045E3A2F9E5C1E00E11729 /* CookedUITests.xctest */;
			productType = "com.apple.product-type.bundle.ui-testing";
		};
		CAF388B02FA110CF00162458 /* CookedWidgetExtension */ = {
			isa = PBXNativeTarget;
			buildConfigurationList = CAF388C92FA110D000162458 /* Build configuration list for PBXNativeTarget "CookedWidgetExtension" */;
			buildPhases = (
				CAF388AD2FA110CF00162458 /* Sources */,
				CAF388AE2FA110CF00162458 /* Frameworks */,
				CAF388AF2FA110CF00162458 /* Resources */,
			);
			buildRules = (
			);
			dependencies = (
			);
			fileSystemSynchronizedGroups = (
				CAF388B72FA110CF00162458 /* CookedWidget */,
			);
			name = CookedWidgetExtension;
			packageProductDependencies = (
			);
			productName = CookedWidgetExtension;
			productReference = CAF388B12FA110CF00162458 /* CookedWidgetExtension.appex */;
			productType = "com.apple.product-type.app-extension";
		};
/* End PBXNativeTarget section */

/* Begin PBXProject section */
		CA045E192F9E5C1D00E11729 /* Project object */ = {
			isa = PBXProject;
			attributes = {
				BuildIndependentTargetsInParallel = 1;
				LastSwiftUpdateCheck = 2640;
				LastUpgradeCheck = 2640;
				TargetAttributes = {
					CA045E202F9E5C1D00E11729 = {
						CreatedOnToolsVersion = 26.4.1;
					};
					CA045E2F2F9E5C1E00E11729 = {
						CreatedOnToolsVersion = 26.4.1;
						TestTargetID = CA045E202F9E5C1D00E11729;
					};
					CA045E392F9E5C1E00E11729 = {
						CreatedOnToolsVersion = 26.4.1;
						TestTargetID = CA045E202F9E5C1D00E11729;
					};
					CAF388B02FA110CF00162458 = {
						CreatedOnToolsVersion = 26.4.1;
					};
				};
			};
			buildConfigurationList = CA045E1C2F9E5C1D00E11729 /* Build configuration list for PBXProject "Cooked" */;
			developmentRegion = en;
			hasScannedForEncodings = 0;
			knownRegions = (
				en,
				Base,
			);
			mainGroup = CA045E182F9E5C1D00E11729;
			minimizedProjectReferenceProxies = 1;
			preferredProjectObjectVersion = 77;
			productRefGroup = CA045E222F9E5C1D00E11729 /* Products */;
			projectDirPath = "";
			projectRoot = "";
			targets = (
				CA045E202F9E5C1D00E11729 /* Cooked */,
				CA045E2F2F9E5C1E00E11729 /* CookedTests */,
				CA045E392F9E5C1E00E11729 /* CookedUITests */,
				CAF388B02FA110CF00162458 /* CookedWidgetExtension */,
			);
		};
/* End PBXProject section */

/* Begin PBXResourcesBuildPhase section */
		CA045E1F2F9E5C1D00E11729 /* Resources */ = {
			isa = PBXResourcesBuildPhase;
			buildActionMask = 2147483647;
			files = (
			);
			runOnlyForDeploymentPostprocessing = 0;
		};
		CA045E2E2F9E5C1E00E11729 /* Resources */ = {
			isa = PBXResourcesBuildPhase;
			buildActionMask = 2147483647;
			files = (
			);
			runOnlyForDeploymentPostprocessing = 0;
		};
		CA045E382F9E5C1E00E11729 /* Resources */ = {
			isa = PBXResourcesBuildPhase;
			buildActionMask = 2147483647;
			files = (
			);
			runOnlyForDeploymentPostprocessing = 0;
		};
		CAF388AF2FA110CF00162458 /* Resources */ = {
			isa = PBXResourcesBuildPhase;
			buildActionMask = 2147483647;
			files = (
			);
			runOnlyForDeploymentPostprocessing = 0;
		};
/* End PBXResourcesBuildPhase section */

/* Begin PBXSourcesBuildPhase section */
		CA045E1D2F9E5C1D00E11729 /* Sources */ = {
			isa = PBXSourcesBuildPhase;
			buildActionMask = 2147483647;
			files = (
			);
			runOnlyForDeploymentPostprocessing = 0;
		};
		CA045E2C2F9E5C1E00E11729 /* Sources */ = {
			isa = PBXSourcesBuildPhase;
			buildActionMask = 2147483647;
			files = (
			);
			runOnlyForDeploymentPostprocessing = 0;
		};
		CA045E362F9E5C1E00E11729 /* Sources */ = {
			isa = PBXSourcesBuildPhase;
			buildActionMask = 2147483647;
			files = (
			);
			runOnlyForDeploymentPostprocessing = 0;
		};
		CAF388AD2FA110CF00162458 /* Sources */ = {
			isa = PBXSourcesBuildPhase;
			buildActionMask = 2147483647;
			files = (
			);
			runOnlyForDeploymentPostprocessing = 0;
		};
/* End PBXSourcesBuildPhase section */

/* Begin PBXTargetDependency section */
		CA045E322F9E5C1E00E11729 /* PBXTargetDependency */ = {
			isa = PBXTargetDependency;
			target = CA045E202F9E5C1D00E11729 /* Cooked */;
			targetProxy = CA045E312F9E5C1E00E11729 /* PBXContainerItemProxy */;
		};
		CA045E3C2F9E5C1E00E11729 /* PBXTargetDependency */ = {
			isa = PBXTargetDependency;
			target = CA045E202F9E5C1D00E11729 /* Cooked */;
			targetProxy = CA045E3B2F9E5C1E00E11729 /* PBXContainerItemProxy */;
		};
		CAF388C62FA110D000162458 /* PBXTargetDependency */ = {
			isa = PBXTargetDependency;
			target = CAF388B02FA110CF00162458 /* CookedWidgetExtension */;
			targetProxy = CAF388C52FA110D000162458 /* PBXContainerItemProxy */;
		};
/* End PBXTargetDependency section */

/* Begin XCBuildConfiguration section */
		CA045E422F9E5C1E00E11729 /* Debug */ = {
			isa = XCBuildConfiguration;
			buildSettings = {
				ALWAYS_SEARCH_USER_PATHS = NO;
				ASSETCATALOG_COMPILER_GENERATE_SWIFT_ASSET_SYMBOL_EXTENSIONS = YES;
				CLANG_ANALYZER_NONNULL = YES;
				CLANG_ANALYZER_NUMBER_OBJECT_CONVERSION = YES_AGGRESSIVE;
				CLANG_CXX_LANGUAGE_STANDARD = "gnu++20";
				CLANG_ENABLE_MODULES = YES;
				CLANG_ENABLE_OBJC_ARC = YES;
				CLANG_ENABLE_OBJC_WEAK = YES;
				CLANG_WARN_BLOCK_CAPTURE_AUTORELEASING = YES;
				CLANG_WARN_BOOL_CONVERSION = YES;
				CLANG_WARN_COMMA = YES;
				CLANG_WARN_CONSTANT_CONVERSION = YES;
				CLANG_WARN_DEPRECATED_OBJC_IMPLEMENTATIONS = YES;
				CLANG_WARN_DIRECT_OBJC_ISA_USAGE = YES_ERROR;
				CLANG_WARN_DOCUMENTATION_COMMENTS = YES;
				CLANG_WARN_EMPTY_BODY = YES;
				CLANG_WARN_ENUM_CONVERSION = YES;
				CLANG_WARN_INFINITE_RECURSION = YES;
				CLANG_WARN_INT_CONVERSION = YES;
				CLANG_WARN_NON_LITERAL_NULL_CONVERSION = YES;
				CLANG_WARN_OBJC_IMPLICIT_RETAIN_SELF = YES;
				CLANG_WARN_OBJC_LITERAL_CONVERSION = YES;
				CLANG_WARN_OBJC_ROOT_CLASS = YES_ERROR;
				CLANG_WARN_QUOTED_INCLUDE_IN_FRAMEWORK_HEADER = YES;
				CLANG_WARN_RANGE_LOOP_ANALYSIS = YES;
				CLANG_WARN_STRICT_PROTOTYPES = YES;
				CLANG_WARN_SUSPICIOUS_MOVE = YES;
				CLANG_WARN_UNGUARDED_AVAILABILITY = YES_AGGRESSIVE;
				CLANG_WARN_UNREACHABLE_CODE = YES;
				CLANG_WARN__DUPLICATE_METHOD_MATCH = YES;
				COPY_PHASE_STRIP = NO;
				DEBUG_INFORMATION_FORMAT = dwarf;
				ENABLE_STRICT_OBJC_MSGSEND = YES;
				ENABLE_TESTABILITY = YES;
				ENABLE_USER_SCRIPT_SANDBOXING = YES;
				GCC_C_LANGUAGE_STANDARD = gnu17;
				GCC_DYNAMIC_NO_PIC = NO;
				GCC_NO_COMMON_BLOCKS = YES;
				GCC_OPTIMIZATION_LEVEL = 0;
				GCC_PREPROCESSOR_DEFINITIONS = (
					"DEBUG=1",
					"$(inherited)",
				);
				GCC_WARN_64_TO_32_BIT_CONVERSION = YES;
				GCC_WARN_ABOUT_RETURN_TYPE = YES_ERROR;
				GCC_WARN_UNDECLARED_SELECTOR = YES;
				GCC_WARN_UNINITIALIZED_AUTOS = YES_AGGRESSIVE;
				GCC_WARN_UNUSED_FUNCTION = YES;
				GCC_WARN_UNUSED_VARIABLE = YES;
				INFOPLIST_KEY_NSSupportsLiveActivities = YES;
				INFOPLIST_KEY_NSSupportsLiveActivitiesFrequentUpdates = YES;
				IPHONEOS_DEPLOYMENT_TARGET = 26.4;
				LOCALIZATION_PREFERS_STRING_CATALOGS = YES;
				MTL_ENABLE_DEBUG_INFO = INCLUDE_SOURCE;
				MTL_FAST_MATH = YES;
				ONLY_ACTIVE_ARCH = YES;
				SDKROOT = iphoneos;
				SWIFT_ACTIVE_COMPILATION_CONDITIONS = "DEBUG $(inherited)";
				SWIFT_OPTIMIZATION_LEVEL = "-Onone";
			};
			name = Debug;
		};
		CA045E432F9E5C1E00E11729 /* Release */ = {
			isa = XCBuildConfiguration;
			buildSettings = {
				ALWAYS_SEARCH_USER_PATHS = NO;
				ASSETCATALOG_COMPILER_GENERATE_SWIFT_ASSET_SYMBOL_EXTENSIONS = YES;
				CLANG_ANALYZER_NONNULL = YES;
				CLANG_ANALYZER_NUMBER_OBJECT_CONVERSION = YES_AGGRESSIVE;
				CLANG_CXX_LANGUAGE_STANDARD = "gnu++20";
				CLANG_ENABLE_MODULES = YES;
				CLANG_ENABLE_OBJC_ARC = YES;
				CLANG_ENABLE_OBJC_WEAK = YES;
				CLANG_WARN_BLOCK_CAPTURE_AUTORELEASING = YES;
				CLANG_WARN_BOOL_CONVERSION = YES;
				CLANG_WARN_COMMA = YES;
				CLANG_WARN_CONSTANT_CONVERSION = YES;
				CLANG_WARN_DEPRECATED_OBJC_IMPLEMENTATIONS = YES;
				CLANG_WARN_DIRECT_OBJC_ISA_USAGE = YES_ERROR;
				CLANG_WARN_DOCUMENTATION_COMMENTS = YES;
				CLANG_WARN_EMPTY_BODY = YES;
				CLANG_WARN_ENUM_CONVERSION = YES;
				CLANG_WARN_INFINITE_RECURSION = YES;
				CLANG_WARN_INT_CONVERSION = YES;
				CLANG_WARN_NON_LITERAL_NULL_CONVERSION = YES;
				CLANG_WARN_OBJC_IMPLICIT_RETAIN_SELF = YES;
				CLANG_WARN_OBJC_LITERAL_CONVERSION = YES;
				CLANG_WARN_OBJC_ROOT_CLASS = YES_ERROR;
				CLANG_WARN_QUOTED_INCLUDE_IN_FRAMEWORK_HEADER = YES;
				CLANG_WARN_RANGE_LOOP_ANALYSIS = YES;
				CLANG_WARN_STRICT_PROTOTYPES = YES;
				CLANG_WARN_SUSPICIOUS_MOVE = YES;
				CLANG_WARN_UNGUARDED_AVAILABILITY = YES_AGGRESSIVE;
				CLANG_WARN_UNREACHABLE_CODE = YES;
				CLANG_WARN__DUPLICATE_METHOD_MATCH = YES;
				COPY_PHASE_STRIP = NO;
				DEBUG_INFORMATION_FORMAT = "dwarf-with-dsym";
				ENABLE_NS_ASSERTIONS = NO;
				ENABLE_STRICT_OBJC_MSGSEND = YES;
				ENABLE_USER_SCRIPT_SANDBOXING = YES;
				GCC_C_LANGUAGE_STANDARD = gnu17;
				GCC_NO_COMMON_BLOCKS = YES;
				GCC_WARN_64_TO_32_BIT_CONVERSION = YES;
				GCC_WARN_ABOUT_RETURN_TYPE = YES_ERROR;
				GCC_WARN_UNDECLARED_SELECTOR = YES;
				GCC_WARN_UNINITIALIZED_AUTOS = YES_AGGRESSIVE;
				GCC_WARN_UNUSED_FUNCTION = YES;
				GCC_WARN_UNUSED_VARIABLE = YES;
				INFOPLIST_KEY_NSSupportsLiveActivities = YES;
				INFOPLIST_KEY_NSSupportsLiveActivitiesFrequentUpdates = YES;
				IPHONEOS_DEPLOYMENT_TARGET = 26.4;
				LOCALIZATION_PREFERS_STRING_CATALOGS = YES;
				MTL_ENABLE_DEBUG_INFO = NO;
				MTL_FAST_MATH = YES;
				SDKROOT = iphoneos;
				SWIFT_COMPILATION_MODE = wholemodule;
				VALIDATE_PRODUCT = YES;
			};
			name = Release;
		};
		CA045E452F9E5C1E00E11729 /* Debug */ = {
			isa = XCBuildConfiguration;
			buildSettings = {
				ASSETCATALOG_COMPILER_APPICON_NAME = AppIcon;
				ASSETCATALOG_COMPILER_GLOBAL_ACCENT_COLOR_NAME = AccentColor;
				CODE_SIGN_STYLE = Automatic;
				CURRENT_PROJECT_VERSION = 1;
				DEVELOPMENT_TEAM = 7TFVHY6W73;
				ENABLE_PREVIEWS = YES;
				GENERATE_INFOPLIST_FILE = YES;
				INFOPLIST_KEY_NSSupportsLiveActivities = YES;
				INFOPLIST_KEY_UIApplicationSceneManifest_Generation = YES;
				INFOPLIST_KEY_UIApplicationSupportsIndirectInputEvents = YES;
				INFOPLIST_KEY_UILaunchScreen_Generation = YES;
				INFOPLIST_KEY_UISupportedInterfaceOrientations = "UIInterfaceOrientationLandscapeLeft UIInterfaceOrientationLandscapeRight UIInterfaceOrientationPortrait UIInterfaceOrientationPortraitUpsideDown";
				IPHONEOS_DEPLOYMENT_TARGET = 17.6;
				LD_RUNPATH_SEARCH_PATHS = (
					"$(inherited)",
					"@executable_path/Frameworks",
				);
				MARKETING_VERSION = 1.0;
				PRODUCT_BUNDLE_IDENTIFIER = myOrg.Cooked;
				PRODUCT_NAME = "$(TARGET_NAME)";
				STRING_CATALOG_GENERATE_SYMBOLS = YES;
				SWIFT_APPROACHABLE_CONCURRENCY = YES;
				SWIFT_DEFAULT_ACTOR_ISOLATION = MainActor;
				SWIFT_EMIT_LOC_STRINGS = YES;
				SWIFT_UPCOMING_FEATURE_MEMBER_IMPORT_VISIBILITY = YES;
				SWIFT_VERSION = 5.0;
				TARGETED_DEVICE_FAMILY = "1,2";
			};
			name = Debug;
		};
		CA045E462F9E5C1E00E11729 /* Release */ = {
			isa = XCBuildConfiguration;
			buildSettings = {
				ASSETCATALOG_COMPILER_APPICON_NAME = AppIcon;
				ASSETCATALOG_COMPILER_GLOBAL_ACCENT_COLOR_NAME = AccentColor;
				CODE_SIGN_STYLE = Automatic;
				CURRENT_PROJECT_VERSION = 1;
				DEVELOPMENT_TEAM = 7TFVHY6W73;
				ENABLE_PREVIEWS = YES;
				GENERATE_INFOPLIST_FILE = YES;
				INFOPLIST_KEY_NSSupportsLiveActivities = YES;
				INFOPLIST_KEY_UIApplicationSceneManifest_Generation = YES;
				INFOPLIST_KEY_UIApplicationSupportsIndirectInputEvents = YES;
				INFOPLIST_KEY_UILaunchScreen_Generation = YES;
				INFOPLIST_KEY_UISupportedInterfaceOrientations = "UIInterfaceOrientationLandscapeLeft UIInterfaceOrientationLandscapeRight UIInterfaceOrientationPortrait UIInterfaceOrientationPortraitUpsideDown";
				IPHONEOS_DEPLOYMENT_TARGET = 17.6;
				LD_RUNPATH_SEARCH_PATHS = (
					"$(inherited)",
					"@executable_path/Frameworks",
				);
				MARKETING_VERSION = 1.0;
				PRODUCT_BUNDLE_IDENTIFIER = myOrg.Cooked;
				PRODUCT_NAME = "$(TARGET_NAME)";
				STRING_CATALOG_GENERATE_SYMBOLS = YES;
				SWIFT_APPROACHABLE_CONCURRENCY = YES;
				SWIFT_DEFAULT_ACTOR_ISOLATION = MainActor;
				SWIFT_EMIT_LOC_STRINGS = YES;
				SWIFT_UPCOMING_FEATURE_MEMBER_IMPORT_VISIBILITY = YES;
				SWIFT_VERSION = 5.0;
				TARGETED_DEVICE_FAMILY = "1,2";
			};
			name = Release;
		};
		CA045E482F9E5C1E00E11729 /* Debug */ = {
			isa = XCBuildConfiguration;
			buildSettings = {
				BUNDLE_LOADER = "$(TEST_HOST)";
				CODE_SIGN_STYLE = Automatic;
				CURRENT_PROJECT_VERSION = 1;
				GENERATE_INFOPLIST_FILE = YES;
				IPHONEOS_DEPLOYMENT_TARGET = 26.4;
				MARKETING_VERSION = 1.0;
				PRODUCT_BUNDLE_IDENTIFIER = myOrg.CookedTests;
				PRODUCT_NAME = "$(TARGET_NAME)";
				STRING_CATALOG_GENERATE_SYMBOLS = NO;
				SWIFT_APPROACHABLE_CONCURRENCY = YES;
				SWIFT_EMIT_LOC_STRINGS = NO;
				SWIFT_UPCOMING_FEATURE_MEMBER_IMPORT_VISIBILITY = YES;
				SWIFT_VERSION = 5.0;
				TARGETED_DEVICE_FAMILY = "1,2";
				TEST_HOST = "$(BUILT_PRODUCTS_DIR)/Cooked.app/$(BUNDLE_EXECUTABLE_FOLDER_PATH)/Cooked";
			};
			name = Debug;
		};
		CA045E492F9E5C1E00E11729 /* Release */ = {
			isa = XCBuildConfiguration;
			buildSettings = {
				BUNDLE_LOADER = "$(TEST_HOST)";
				CODE_SIGN_STYLE = Automatic;
				CURRENT_PROJECT_VERSION = 1;
				GENERATE_INFOPLIST_FILE = YES;
				IPHONEOS_DEPLOYMENT_TARGET = 26.4;
				MARKETING_VERSION = 1.0;
				PRODUCT_BUNDLE_IDENTIFIER = myOrg.CookedTests;
				PRODUCT_NAME = "$(TARGET_NAME)";
				STRING_CATALOG_GENERATE_SYMBOLS = NO;
				SWIFT_APPROACHABLE_CONCURRENCY = YES;
				SWIFT_EMIT_LOC_STRINGS = NO;
				SWIFT_UPCOMING_FEATURE_MEMBER_IMPORT_VISIBILITY = YES;
				SWIFT_VERSION = 5.0;
				TARGETED_DEVICE_FAMILY = "1,2";
				TEST_HOST = "$(BUILT_PRODUCTS_DIR)/Cooked.app/$(BUNDLE_EXECUTABLE_FOLDER_PATH)/Cooked";
			};
			name = Release;
		};
		CA045E4B2F9E5C1E00E11729 /* Debug */ = {
			isa = XCBuildConfiguration;
			buildSettings = {
				CODE_SIGN_STYLE = Automatic;
				CURRENT_PROJECT_VERSION = 1;
				GENERATE_INFOPLIST_FILE = YES;
				MARKETING_VERSION = 1.0;
				PRODUCT_BUNDLE_IDENTIFIER = myOrg.CookedUITests;
				PRODUCT_NAME = "$(TARGET_NAME)";
				STRING_CATALOG_GENERATE_SYMBOLS = NO;
				SWIFT_APPROACHABLE_CONCURRENCY = YES;
				SWIFT_EMIT_LOC_STRINGS = NO;
				SWIFT_UPCOMING_FEATURE_MEMBER_IMPORT_VISIBILITY = YES;
				SWIFT_VERSION = 5.0;
				TARGETED_DEVICE_FAMILY = "1,2";
				TEST_TARGET_NAME = Cooked;
			};
			name = Debug;
		};
		CA045E4C2F9E5C1E00E11729 /* Release */ = {
			isa = XCBuildConfiguration;
			buildSettings = {
				CODE_SIGN_STYLE = Automatic;
				CURRENT_PROJECT_VERSION = 1;
				GENERATE_INFOPLIST_FILE = YES;
				MARKETING_VERSION = 1.0;
				PRODUCT_BUNDLE_IDENTIFIER = myOrg.CookedUITests;
				PRODUCT_NAME = "$(TARGET_NAME)";
				STRING_CATALOG_GENERATE_SYMBOLS = NO;
				SWIFT_APPROACHABLE_CONCURRENCY = YES;
				SWIFT_EMIT_LOC_STRINGS = NO;
				SWIFT_UPCOMING_FEATURE_MEMBER_IMPORT_VISIBILITY = YES;
				SWIFT_VERSION = 5.0;
				TARGETED_DEVICE_FAMILY = "1,2";
				TEST_TARGET_NAME = Cooked;
			};
			name = Release;
		};
		CAF388CA2FA110D000162458 /* Debug */ = {
			isa = XCBuildConfiguration;
			buildSettings = {
				ASSETCATALOG_COMPILER_GLOBAL_ACCENT_COLOR_NAME = AccentColor;
				ASSETCATALOG_COMPILER_WIDGET_BACKGROUND_COLOR_NAME = WidgetBackground;
				CODE_SIGN_STYLE = Automatic;
				CURRENT_PROJECT_VERSION = 1;
				DEVELOPMENT_TEAM = 7TFVHY6W73;
				GENERATE_INFOPLIST_FILE = YES;
				INFOPLIST_FILE = CookedWidget/Info.plist;
				INFOPLIST_KEY_CFBundleDisplayName = CookedWidget;
				INFOPLIST_KEY_NSHumanReadableCopyright = "";
				LD_RUNPATH_SEARCH_PATHS = (
					"$(inherited)",
					"@executable_path/Frameworks",
					"@executable_path/../../Frameworks",
				);
				MARKETING_VERSION = 1.0;
				PRODUCT_BUNDLE_IDENTIFIER = myOrg.Cooked.CookedWidget;
				PRODUCT_NAME = "$(TARGET_NAME)";
				SKIP_INSTALL = YES;
				STRING_CATALOG_GENERATE_SYMBOLS = YES;
				SWIFT_APPROACHABLE_CONCURRENCY = YES;
				SWIFT_EMIT_LOC_STRINGS = YES;
				SWIFT_UPCOMING_FEATURE_MEMBER_IMPORT_VISIBILITY = YES;
				SWIFT_VERSION = 5.0;
				TARGETED_DEVICE_FAMILY = "1,2";
			};
			name = Debug;
		};
		CAF388CB2FA110D000162458 /* Release */ = {
			isa = XCBuildConfiguration;
			buildSettings = {
				ASSETCATALOG_COMPILER_GLOBAL_ACCENT_COLOR_NAME = AccentColor;
				ASSETCATALOG_COMPILER_WIDGET_BACKGROUND_COLOR_NAME = WidgetBackground;
				CODE_SIGN_STYLE = Automatic;
				CURRENT_PROJECT_VERSION = 1;
				DEVELOPMENT_TEAM = 7TFVHY6W73;
				GENERATE_INFOPLIST_FILE = YES;
				INFOPLIST_FILE = CookedWidget/Info.plist;
				INFOPLIST_KEY_CFBundleDisplayName = CookedWidget;
				INFOPLIST_KEY_NSHumanReadableCopyright = "";
				LD_RUNPATH_SEARCH_PATHS = (
					"$(inherited)",
					"@executable_path/Frameworks",
					"@executable_path/../../Frameworks",
				);
				MARKETING_VERSION = 1.0;
				PRODUCT_BUNDLE_IDENTIFIER = myOrg.Cooked.CookedWidget;
				PRODUCT_NAME = "$(TARGET_NAME)";
				SKIP_INSTALL = YES;
				STRING_CATALOG_GENERATE_SYMBOLS = YES;
				SWIFT_APPROACHABLE_CONCURRENCY = YES;
				SWIFT_EMIT_LOC_STRINGS = YES;
				SWIFT_UPCOMING_FEATURE_MEMBER_IMPORT_VISIBILITY = YES;
				SWIFT_VERSION = 5.0;
				TARGETED_DEVICE_FAMILY = "1,2";
			};
			name = Release;
		};
/* End XCBuildConfiguration section */

/* Begin XCConfigurationList section */
		CA045E1C2F9E5C1D00E11729 /* Build configuration list for PBXProject "Cooked" */ = {
			isa = XCConfigurationList;
			buildConfigurations = (
				CA045E422F9E5C1E00E11729 /* Debug */,
				CA045E432F9E5C1E00E11729 /* Release */,
			);
			defaultConfigurationIsVisible = 0;
			defaultConfigurationName = Release;
		};
		CA045E442F9E5C1E00E11729 /* Build configuration list for PBXNativeTarget "Cooked" */ = {
			isa = XCConfigurationList;
			buildConfigurations = (
				CA045E452F9E5C1E00E11729 /* Debug */,
				CA045E462F9E5C1E00E11729 /* Release */,
			);
			defaultConfigurationIsVisible = 0;
			defaultConfigurationName = Release;
		};
		CA045E472F9E5C1E00E11729 /* Build configuration list for PBXNativeTarget "CookedTests" */ = {
			isa = XCConfigurationList;
			buildConfigurations = (
				CA045E482F9E5C1E00E11729 /* Debug */,
				CA045E492F9E5C1E00E11729 /* Release */,
			);
			defaultConfigurationIsVisible = 0;
			defaultConfigurationName = Release;
		};
		CA045E4A2F9E5C1E00E11729 /* Build configuration list for PBXNativeTarget "CookedUITests" */ = {
			isa = XCConfigurationList;
			buildConfigurations = (
				CA045E4B2F9E5C1E00E11729 /* Debug */,
				CA045E4C2F9E5C1E00E11729 /* Release */,
			);
			defaultConfigurationIsVisible = 0;
			defaultConfigurationName = Release;
		};
		CAF388C92FA110D000162458 /* Build configuration list for PBXNativeTarget "CookedWidgetExtension" */ = {
			isa = XCConfigurationList;
			buildConfigurations = (
				CAF388CA2FA110D000162458 /* Debug */,
				CAF388CB2FA110D000162458 /* Release */,
			);
			defaultConfigurationIsVisible = 0;
			defaultConfigurationName = Release;
		};
/* End XCConfigurationList section */
	};
	rootObject = CA045E192F9E5C1D00E11729 /* Project object */;
}
